{
  "version": 4,
  "terraform_version": "0.12.9",
  "serial": 42,
  "lineage": "3d39cad7-0130-72a5-30d7-1a77c548d73e",
  "outputs": {},
  "resources": [
    {
      "mode": "data",
      "type": "aws_iam_policy_document",
      "name": "assume_role",
      "provider": "provider.aws",
      "instances": [
        {
          "schema_version": 0,
          "attributes": {
            "id": "320642683",
            "json": "{\n  \"Version\": \"2012-10-17\",\n  \"Statement\": [\n    {\n      \"Sid\": \"\",\n      \"Effect\": \"Allow\",\n      \"Action\": \"sts:AssumeRole\",\n      \"Principal\": {\n        \"Service\": \"ecs-tasks.amazonaws.com\"\n      }\n    }\n  ]\n}",
            "override_json": null,
            "policy_id": null,
            "source_json": null,
            "statement": [
              {
                "actions": [
                  "sts:AssumeRole"
                ],
                "condition": [],
                "effect": "Allow",
                "not_actions": [],
                "not_principals": [],
                "not_resources": [],
                "principals": [
                  {
                    "identifiers": [
                      "ecs-tasks.amazonaws.com"
                    ],
                    "type": "Service"
                  }
                ],
                "resources": [],
                "sid": ""
              }
            ],
            "version": "2012-10-17"
          }
        }
      ]
    },
    {
      "mode": "data",
      "type": "aws_iam_policy_document",
      "name": "ecs_execution_policy_document",
      "provider": "provider.aws",
      "instances": [
        {
          "schema_version": 0,
          "attributes": {
            "id": "3272854141",
            "json": "{\n  \"Version\": \"2012-10-17\",\n  \"Statement\": [\n    {\n      \"Sid\": \"VisualEditor1\",\n      \"Effect\": \"Allow\",\n      \"Action\": [\n        \"logs:PutLogEvents\",\n        \"logs:CreateLogStream\",\n        \"ecr:GetDownloadUrlForLayer\",\n        \"ecr:GetAuthorizationToken\",\n        \"ecr:BatchGetImage\",\n        \"ecr:BatchCheckLayerAvailability\"\n      ],\n      \"Resource\": \"*\"\n    }\n  ]\n}",
            "override_json": null,
            "policy_id": null,
            "source_json": null,
            "statement": [
              {
                "actions": [
                  "ecr:BatchCheckLayerAvailability",
                  "ecr:BatchGetImage",
                  "ecr:GetAuthorizationToken",
                  "ecr:GetDownloadUrlForLayer",
                  "logs:CreateLogStream",
                  "logs:PutLogEvents"
                ],
                "condition": [],
                "effect": "Allow",
                "not_actions": [],
                "not_principals": [],
                "not_resources": [],
                "principals": [],
                "resources": [
                  "*"
                ],
                "sid": "VisualEditor1"
              }
            ],
            "version": "2012-10-17"
          }
        }
      ]
    },
    {
      "mode": "managed",
      "type": "aws_ecr_repository",
      "name": "ci",
      "provider": "provider.aws",
      "instances": [
        {
          "schema_version": 0,
          "attributes": {
            "arn": "arn:aws:ecr:eu-west-2:204152705904:repository/ci-service",
            "id": "ci-service",
            "image_tag_mutability": "MUTABLE",
            "name": "ci-service",
            "registry_id": "204152705904",
            "repository_url": "204152705904.dkr.ecr.eu-west-2.amazonaws.com/ci-service",
            "tags": {},
            "timeouts": null
          },
          "private": "eyJlMmJmYjczMC1lY2FhLTExZTYtOGY4OC0zNDM2M2JjN2M0YzAiOnsiZGVsZXRlIjoxMjAwMDAwMDAwMDAwfX0="
        }
      ]
    },
    {
      "mode": "managed",
      "type": "aws_ecs_cluster",
      "name": "ci",
      "provider": "provider.aws",
      "instances": [
        {
          "schema_version": 0,
          "attributes": {
            "arn": "arn:aws:ecs:eu-west-2:204152705904:cluster/ci-demo",
            "id": "arn:aws:ecs:eu-west-2:204152705904:cluster/ci-demo",
            "name": "ci-demo",
            "setting": [
              {
                "name": "containerInsights",
                "value": "disabled"
              }
            ],
            "tags": {}
          },
          "private": "bnVsbA=="
        }
      ]
    },
    {
      "mode": "managed",
      "type": "aws_ecs_service",
      "name": "ci_ecs_service",
      "provider": "provider.aws",
      "instances": [
        {
          "schema_version": 0,
          "attributes": {
            "cluster": "arn:aws:ecs:eu-west-2:204152705904:cluster/ci-demo",
            "deployment_controller": [
              {
                "type": "ECS"
              }
            ],
            "deployment_maximum_percent": 200,
            "deployment_minimum_healthy_percent": 100,
            "desired_count": 5,
            "enable_ecs_managed_tags": false,
            "health_check_grace_period_seconds": 0,
            "iam_role": "aws-service-role",
            "id": "arn:aws:ecs:eu-west-2:204152705904:service/ci-demo-ecs",
            "launch_type": "FARGATE",
            "load_balancer": [],
            "name": "ci-demo-ecs",
            "network_configuration": [
              {
                "assign_public_ip": true,
                "security_groups": [],
                "subnets": [
                  "subnet-09b8c714d71b8af49"
                ]
              }
            ],
            "ordered_placement_strategy": [],
            "placement_constraints": [],
            "placement_strategy": [],
            "platform_version": "LATEST",
            "propagate_tags": "NONE",
            "scheduling_strategy": "REPLICA",
            "service_registries": [],
            "tags": {},
            "task_definition": "ci-service:7"
          },
          "private": "bnVsbA==",
          "depends_on": [
            "aws_ecs_cluster.ci",
            "aws_ecs_task_definition.ci_app",
            "aws_subnet.app"
          ]
        }
      ]
    },
    {
      "mode": "managed",
      "type": "aws_ecs_task_definition",
      "name": "ci_app",
      "provider": "provider.aws",
      "instances": [
        {
          "schema_version": 1,
          "attributes": {
            "arn": "arn:aws:ecs:eu-west-2:204152705904:task-definition/ci-service:7",
            "container_definitions": "[{\"cpu\":256,\"environment\":[],\"essential\":true,\"image\":\"204152705904.dkr.ecr.eu-west-2.amazonaws.com/ci-demo:latest\",\"memory\":512,\"mountPoints\":[],\"name\":\"ci-app\",\"portMappings\":[{\"containerPort\":80,\"hostPort\":80,\"protocol\":\"tcp\"}],\"volumesFrom\":[]}]",
            "cpu": "256",
            "execution_role_arn": "arn:aws:iam::204152705904:role/ECSExecutionRole",
            "family": "ci-service",
            "id": "ci-service",
            "ipc_mode": null,
            "memory": "512",
            "network_mode": "awsvpc",
            "pid_mode": null,
            "placement_constraints": [],
            "proxy_configuration": [],
            "requires_compatibilities": [
              "FARGATE"
            ],
            "revision": 7,
            "tags": {},
            "task_role_arn": "",
            "volume": []
          },
          "private": "eyJzY2hlbWFfdmVyc2lvbiI6IjEifQ==",
          "depends_on": [
            "aws_iam_role.ecs_execution_role"
          ]
        }
      ]
    },
    {
      "mode": "managed",
      "type": "aws_iam_policy",
      "name": "ecs_execution_policy",
      "provider": "provider.aws",
      "instances": [
        {
          "schema_version": 0,
          "attributes": {
            "arn": "arn:aws:iam::204152705904:policy/ECSTaskExecutionPolicy",
            "description": "",
            "id": "arn:aws:iam::204152705904:policy/ECSTaskExecutionPolicy",
            "name": "ECSTaskExecutionPolicy",
            "name_prefix": null,
            "path": "/",
            "policy": "{\n  \"Version\": \"2012-10-17\",\n  \"Statement\": [\n    {\n      \"Sid\": \"VisualEditor1\",\n      \"Effect\": \"Allow\",\n      \"Action\": [\n        \"logs:PutLogEvents\",\n        \"logs:CreateLogStream\",\n        \"ecr:GetDownloadUrlForLayer\",\n        \"ecr:GetAuthorizationToken\",\n        \"ecr:BatchGetImage\",\n        \"ecr:BatchCheckLayerAvailability\"\n      ],\n      \"Resource\": \"*\"\n    }\n  ]\n}"
          },
          "private": "bnVsbA==",
          "depends_on": [
            "data.aws_iam_policy_document.ecs_execution_policy_document"
          ]
        }
      ]
    },
    {
      "mode": "managed",
      "type": "aws_iam_role",
      "name": "ecs_execution_role",
      "provider": "provider.aws",
      "instances": [
        {
          "schema_version": 0,
          "attributes": {
            "arn": "arn:aws:iam::204152705904:role/ECSExecutionRole",
            "assume_role_policy": "{\"Version\":\"2012-10-17\",\"Statement\":[{\"Sid\":\"\",\"Effect\":\"Allow\",\"Principal\":{\"Service\":\"ecs-tasks.amazonaws.com\"},\"Action\":\"sts:AssumeRole\"}]}",
            "create_date": "2019-09-27T15:14:32Z",
            "description": "",
            "force_detach_policies": false,
            "id": "ECSExecutionRole",
            "max_session_duration": 3600,
            "name": "ECSExecutionRole",
            "name_prefix": null,
            "path": "/",
            "permissions_boundary": null,
            "tags": {},
            "unique_id": "AROAS7CDTCNYPF2JQZPHA"
          },
          "private": "bnVsbA==",
          "depends_on": [
            "data.aws_iam_policy_document.assume_role"
          ]
        }
      ]
    },
    {
      "mode": "managed",
      "type": "aws_iam_role_policy_attachment",
      "name": "ecs_role_attachment",
      "provider": "provider.aws",
      "instances": [
        {
          "schema_version": 0,
          "attributes": {
            "id": "ECSExecutionRole-20190927151434542900000002",
            "policy_arn": "arn:aws:iam::204152705904:policy/ECSTaskExecutionPolicy",
            "role": "ECSExecutionRole"
          },
          "private": "bnVsbA==",
          "depends_on": [
            "aws_iam_policy.ecs_execution_policy",
            "aws_iam_role.ecs_execution_role"
          ]
        }
      ]
    },
    {
      "mode": "managed",
      "type": "aws_subnet",
      "name": "app",
      "provider": "provider.aws",
      "instances": [
        {
          "schema_version": 1,
          "attributes": {
            "arn": "arn:aws:ec2:eu-west-2:204152705904:subnet/subnet-09b8c714d71b8af49",
            "assign_ipv6_address_on_creation": false,
            "availability_zone": "eu-west-2b",
            "availability_zone_id": "euw2-az3",
            "cidr_block": "10.0.1.0/24",
            "id": "subnet-09b8c714d71b8af49",
            "ipv6_cidr_block": "",
            "ipv6_cidr_block_association_id": "",
            "map_public_ip_on_launch": false,
            "owner_id": "204152705904",
            "tags": {
              "Name": "Subnet"
            },
            "timeouts": null,
            "vpc_id": "vpc-04a70aca495dbb84f"
          },
          "private": "eyJlMmJmYjczMC1lY2FhLTExZTYtOGY4OC0zNDM2M2JjN2M0YzAiOnsiY3JlYXRlIjo2MDAwMDAwMDAwMDAsImRlbGV0ZSI6MTIwMDAwMDAwMDAwMH0sInNjaGVtYV92ZXJzaW9uIjoiMSJ9",
          "depends_on": [
            "aws_vpc.app"
          ]
        }
      ]
    },
    {
      "mode": "managed",
      "type": "aws_vpc",
      "name": "app",
      "provider": "provider.aws",
      "instances": [
        {
          "schema_version": 1,
          "attributes": {
            "arn": "arn:aws:ec2:eu-west-2:204152705904:vpc/vpc-04a70aca495dbb84f",
            "assign_generated_ipv6_cidr_block": false,
            "cidr_block": "10.0.0.0/16",
            "default_network_acl_id": "acl-0e2ec3de4b1e41ee2",
            "default_route_table_id": "rtb-0299afb84817fc060",
            "default_security_group_id": "sg-0297f0766f94f6dd9",
            "dhcp_options_id": "dopt-d6f5b9be",
            "enable_classiclink": null,
            "enable_classiclink_dns_support": null,
            "enable_dns_hostnames": false,
            "enable_dns_support": true,
            "id": "vpc-04a70aca495dbb84f",
            "instance_tenancy": "default",
            "ipv6_association_id": "",
            "ipv6_cidr_block": "",
            "main_route_table_id": "rtb-0299afb84817fc060",
            "owner_id": "204152705904",
            "tags": {
              "Name": "cidemo"
            }
          },
          "private": "eyJzY2hlbWFfdmVyc2lvbiI6IjEifQ=="
        }
      ]
    }
  ]
}
